
Microsoft Visual Studio Solution File, Format Version 12.00
# Visual Studio Version 17
VisualStudioVersion = 17.8.34322.80
MinimumVisualStudioVersion = 10.0.40219.1
Project("{FAE04EC0-301F-11D3-BF4B-00C04F79EFBC}") = "StudentApp", "StudentApp\StudentApp.csproj", "{F27FE8EF-B30D-451E-86E2-4054EE026435}"
EndProject
Global
	GlobalSection(SolutionConfigurationPlatforms) = preSolution
		Debug|Any CPU = Debug|Any CPU
		Release|Any CPU = Release|Any CPU
	EndGlobalSection
	GlobalSection(ProjectConfigurationPlatforms) = postSolution
		{F27FE8EF-B30D-451E-86E2-4054EE026435}.Debug|Any CPU.ActiveCfg = Debug|Any CPU
		{F27FE8EF-B30D-451E-86E2-4054EE026435}.Debug|Any CPU.Build.0 = Debug|Any CPU
		{F27FE8EF-B30D-451E-86E2-4054EE026435}.Release|Any CPU.ActiveCfg = Release|Any CPU
		{F27FE8EF-B30D-451E-86E2-4054EE026435}.Release|Any CPU.Build.0 = Release|Any CPU
	EndGlobalSection
	GlobalSection(SolutionProperties) = preSolution
		HideSolutionNode = FALSE
	EndGlobalSection
	GlobalSection(ExtensibilityGlobals) = postSolution
		SolutionGuid = {48ACE198-1FB0-4BAC-92A3-E43809E35031}
	EndGlobalSection
EndGlobal
